PODS:
  - DKImagePickerController/Core (4.3.4):
    - DKImagePickerController/ImageDataManager
    - DKImagePickerController/Resource
  - DKImagePickerController/ImageDataManager (4.3.4)
  - DKImagePickerController/PhotoGallery (4.3.4):
    - DKImagePickerController/Core
    - DKPhotoGallery
  - DKImagePickerController/Resource (4.3.4)
  - DKPhotoGallery (0.0.17):
    - DKPhotoGallery/Core (= 0.0.17)
    - DKPhotoGallery/Model (= 0.0.17)
    - DKPhotoGallery/Preview (= 0.0.17)
    - DKPhotoGallery/Resource (= 0.0.17)
    - SDWebImage
    - SwiftyGif
  - DKPhotoGallery/Core (0.0.17):
    - DKPhotoGallery/Model
    - DKPhotoGallery/Preview
    - SDWebImage
    - SwiftyGif
  - DKPhotoGallery/Model (0.0.17):
    - SDWebImage
    - SwiftyGif
  - DKPhotoGallery/Preview (0.0.17):
    - DKPhotoGallery/Model
    - DKPhotoGallery/Resource
    - SDWebImage
    - SwiftyGif
  - DKPhotoGallery/Resource (0.0.17):
    - SDWebImage
    - SwiftyGif
  - file_picker (0.0.1):
    - DKImagePickerController/PhotoGallery
    - Flutter
  - Flutter (1.0.0)
  - SDWebImage (5.17.0):
    - SDWebImage/Core (= 5.17.0)
  - SDWebImage/Core (5.17.0)
  - Stripe (23.27.2):
    - StripeApplePay (= 23.27.2)
    - StripeCore (= 23.27.2)
    - StripePayments (= 23.27.2)
    - StripePaymentsUI (= 23.27.2)
    - StripeUICore (= 23.27.2)
  - stripe_ios (0.0.1):
    - Flutter
    - Stripe (~> 23.27.0)
    - StripeApplePay (~> 23.27.0)
    - StripeFinancialConnections (~> 23.27.0)
    - StripePayments (~> 23.27.0)
    - StripePaymentSheet (~> 23.27.0)
    - StripePaymentsUI (~> 23.27.0)
  - StripeApplePay (23.27.2):
    - StripeCore (= 23.27.2)
  - StripeCore (23.27.2)
  - StripeFinancialConnections (23.27.2):
    - StripeCore (= 23.27.2)
    - StripeUICore (= 23.27.2)
  - StripePayments (23.27.2):
    - StripeCore (= 23.27.2)
    - StripePayments/Stripe3DS2 (= 23.27.2)
  - StripePayments/Stripe3DS2 (23.27.2):
    - StripeCore (= 23.27.2)
  - StripePaymentSheet (23.27.2):
    - StripeApplePay (= 23.27.2)
    - StripeCore (= 23.27.2)
    - StripePayments (= 23.27.2)
    - StripePaymentsUI (= 23.27.2)
  - StripePaymentsUI (23.27.2):
    - StripeCore (= 23.27.2)
    - StripePayments (= 23.27.2)
    - StripeUICore (= 23.27.2)
  - StripeUICore (23.27.2):
    - StripeCore (= 23.27.2)
  - SwiftyGif (5.4.4)
  - url_launcher_ios (0.0.1):
    - Flutter
  - webview_flutter_wkwebview (0.0.1):
    - Flutter

DEPENDENCIES:
  - file_picker (from `.symlinks/plugins/file_picker/ios`)
  - Flutter (from `Flutter`)
  - stripe_ios (from `.symlinks/plugins/stripe_ios/ios`)
  - url_launcher_ios (from `.symlinks/plugins/url_launcher_ios/ios`)
  - webview_flutter_wkwebview (from `.symlinks/plugins/webview_flutter_wkwebview/ios`)

SPEC REPOS:
  trunk:
    - DKImagePickerController
    - DKPhotoGallery
    - SDWebImage
    - Stripe
    - StripeApplePay
    - StripeCore
    - StripeFinancialConnections
    - StripePayments
    - StripePaymentSheet
    - StripePaymentsUI
    - StripeUICore
    - SwiftyGif

EXTERNAL SOURCES:
  file_picker:
    :path: ".symlinks/plugins/file_picker/ios"
  Flutter:
    :path: Flutter
  stripe_ios:
    :path: ".symlinks/plugins/stripe_ios/ios"
  url_launcher_ios:
    :path: ".symlinks/plugins/url_launcher_ios/ios"
  webview_flutter_wkwebview:
    :path: ".symlinks/plugins/webview_flutter_wkwebview/ios"

SPEC CHECKSUMS:
  DKImagePickerController: b512c28220a2b8ac7419f21c491fc8534b7601ac
  DKPhotoGallery: fdfad5125a9fdda9cc57df834d49df790dbb4179
  file_picker: 09aa5ec1ab24135ccd7a1621c46c84134bfd6655
  Flutter: e0871f40cf51350855a761d2e70bf5af5b9b5de7
  SDWebImage: 750adf017a315a280c60fde706ab1e552a3ae4e9
  Stripe: ec902be2e477aa8c6cfb758f4ed9a4603c4b5d63
  stripe_ios: 03c617acee72e48a2d055d096a4b0ed2afebb256
  StripeApplePay: 55e0fe7095d18bc6d8390cab176692c801d865c6
  StripeCore: 55c1fb4ec4edd61243c59839cef592b0ac4c469a
  StripeFinancialConnections: e646628ca798faa26bf794d8dc76c17ddb8405e4
  StripePayments: 1702ca63bf83c5170330bc4fbf587acb869a7da1
  StripePaymentSheet: bf96500ca25dadf72079e4f256d827955dd7d1ef
  StripePaymentsUI: a51fd3468d9944b602f79ddae26d83e6dd2d9048
  StripeUICore: 436db87a21e3bb45b7a6a90c114a6d21c35b4be0
  SwiftyGif: 93a1cc87bf3a51916001cf8f3d63835fb64c819f
  url_launcher_ios: 5334b05cef931de560670eeae103fd3e431ac3fe
  webview_flutter_wkwebview: 2a23822e9039b7b1bc52e5add778e5d89ad488d1

PODFILE CHECKSUM: 6d23a6c87d28f725778a80478aed4125dafc3267

COCOAPODS: 1.15.2
